
Microsoft Visual Studio Solution File, Format Version 12.00
# Visual Studio Version 16
VisualStudioVersion = 16.0.32002.261
MinimumVisualStudioVersion = 10.0.40219.1
Project("{8BC9CEB8-8B4A-11D0-8D11-00A0C91BC942}") = "AVBD", "AVBD\AVBD.vcxproj", "{89F4BFC8-F25E-4A37-9E0D-3BD402F33207}"
EndProject
Global
	GlobalSection(SolutionConfigurationPlatforms) = preSolution
		Debug|x64 = Debug|x64
		Debug|x86 = Debug|x86
		Release|x64 = Release|x64
		Release|x86 = Release|x86
	EndGlobalSection
	GlobalSection(ProjectConfigurationPlatforms) = postSolution
		{89F4BFC8-F25E-4A37-9E0D-3BD402F33207}.Debug|x64.ActiveCfg = Debug|x64
		{89F4BFC8-F25E-4A37-9E0D-3BD402F33207}.Debug|x64.Build.0 = Debug|x64
		{89F4BFC8-F25E-4A37-9E0D-3BD402F33207}.Debug|x86.ActiveCfg = Debug|Win32
		{89F4BFC8-F25E-4A37-9E0D-3BD402F33207}.Debug|x86.Build.0 = Debug|Win32
		{89F4BFC8-F25E-4A37-9E0D-3BD402F33207}.Release|x64.ActiveCfg = Release|x64
		{89F4BFC8-F25E-4A37-9E0D-3BD402F33207}.Release|x64.Build.0 = Release|x64
		{89F4BFC8-F25E-4A37-9E0D-3BD402F33207}.Release|x86.ActiveCfg = Release|Win32
		{89F4BFC8-F25E-4A37-9E0D-3BD402F33207}.Release|x86.Build.0 = Release|Win32
	EndGlobalSection
	GlobalSection(SolutionProperties) = preSolution
		HideSolutionNode = FALSE
	EndGlobalSection
	GlobalSection(ExtensibilityGlobals) = postSolution
		SolutionGuid = {B8CF5E2E-9CD0-425C-821D-0A7DB3687029}
	EndGlobalSection
EndGlobal
